
Microsoft Visual Studio Solution File, Format Version 12.00
# Visual Studio Version 17
VisualStudioVersion = 17.10.35013.160
MinimumVisualStudioVersion = 10.0.40219.1
Project("{888888A0-9F3D-457C-B088-3A5042F75D52}") = "Text to Excel Converter", "Text to Excel Converter.pyproj", "{620313B5-7496-4C08-87E0-5B3284E92B79}"
EndProject
Global
	GlobalSection(SolutionConfigurationPlatforms) = preSolution
		Debug|Any CPU = Debug|Any CPU
		Release|Any CPU = Release|Any CPU
	EndGlobalSection
	GlobalSection(ProjectConfigurationPlatforms) = postSolution
		{620313B5-7496-4C08-87E0-5B3284E92B79}.Debug|Any CPU.ActiveCfg = Debug|Any CPU
		{620313B5-7496-4C08-87E0-5B3284E92B79}.Release|Any CPU.ActiveCfg = Release|Any CPU
	EndGlobalSection
	GlobalSection(SolutionProperties) = preSolution
		HideSolutionNode = FALSE
	EndGlobalSection
	GlobalSection(ExtensibilityGlobals) = postSolution
		SolutionGuid = {3B488A4F-072A-41C0-B45F-FB106E0694F6}
	EndGlobalSection
EndGlobal
